Microsoft Visual Studio Solution File, Format Version 12.00
# Visual Studio Version 17
VisualStudioVersion = 17.5.2.0
MinimumVisualStudioVersion = 10.0.40219.1
Project("{FAE04EC0-301F-11D3-BF4B-00C04F79EFBC}") = "SousChefBackend", "backend-csharp\SousChefBackend.csproj", "{78DF7DF9-219C-7672-E222-989BB6A4E464}"
EndProject
Global
	GlobalSection(SolutionConfigurationPlatforms) = preSolution
		Debug|Any CPU = Debug|Any CPU
		Release|Any CPU = Release|Any CPU
	EndGlobalSection
	GlobalSection(ProjectConfigurationPlatforms) = postSolution
		{78DF7DF9-219C-7672-E222-989BB6A4E464}.Debug|Any CPU.ActiveCfg = Debug|Any CPU
		{78DF7DF9-219C-7672-E222-989BB6A4E464}.Debug|Any CPU.Build.0 = Debug|Any CPU
		{78DF7DF9-219C-7672-E222-989BB6A4E464}.Release|Any CPU.ActiveCfg = Release|Any CPU
		{78DF7DF9-219C-7672-E222-989BB6A4E464}.Release|Any CPU.Build.0 = Release|Any CPU
	EndGlobalSection
	GlobalSection(SolutionProperties) = preSolution
		HideSolutionNode = FALSE
	EndGlobalSection
	GlobalSection(ExtensibilityGlobals) = postSolution
		SolutionGuid = {A42360A2-7EF5-4DE1-AF09-DD8E2E28BFA5}
	EndGlobalSection
EndGlobal
